
Microsoft Visual Studio Solution File, Format Version 12.00
# Visual Studio Version 17
VisualStudioVersion = 17.5.33516.290
MinimumVisualStudioVersion = 10.0.40219.1
Project("{FAE04EC0-301F-11D3-BF4B-00C04F79EFBC}") = "WebApplication63CNTTN1", "WebApplication63CNTTN1.csproj", "{76C38B4E-1954-40E6-9920-66AE00399E8D}"
EndProject
Project("{FAE04EC0-301F-11D3-BF4B-00C04F79EFBC}") = "MyClass", "..\MyClass\MyClass.csproj", "{AFB67DDF-0B67-41D1-986D-82F902E13026}"
EndProject
Global
	GlobalSection(SolutionConfigurationPlatforms) = preSolution
		Debug|Any CPU = Debug|Any CPU
		Release|Any CPU = Release|Any CPU
	EndGlobalSection
	GlobalSection(ProjectConfigurationPlatforms) = postSolution
		{76C38B4E-1954-40E6-9920-66AE00399E8D}.Debug|Any CPU.ActiveCfg = Debug|Any CPU
		{76C38B4E-1954-40E6-9920-66AE00399E8D}.Debug|Any CPU.Build.0 = Debug|Any CPU
		{76C38B4E-1954-40E6-9920-66AE00399E8D}.Release|Any CPU.ActiveCfg = Release|Any CPU
		{76C38B4E-1954-40E6-9920-66AE00399E8D}.Release|Any CPU.Build.0 = Release|Any CPU
		{AFB67DDF-0B67-41D1-986D-82F902E13026}.Debug|Any CPU.ActiveCfg = Debug|Any CPU
		{AFB67DDF-0B67-41D1-986D-82F902E13026}.Debug|Any CPU.Build.0 = Debug|Any CPU
		{AFB67DDF-0B67-41D1-986D-82F902E13026}.Release|Any CPU.ActiveCfg = Release|Any CPU
		{AFB67DDF-0B67-41D1-986D-82F902E13026}.Release|Any CPU.Build.0 = Release|Any CPU
	EndGlobalSection
	GlobalSection(SolutionProperties) = preSolution
		HideSolutionNode = FALSE
	EndGlobalSection
	GlobalSection(ExtensibilityGlobals) = postSolution
		SolutionGuid = {52FC8654-5AE5-4937-BB05-D7B85AC801DB}
	EndGlobalSection
EndGlobal
